
Microsoft Visual Studio Solution File, Format Version 12.00
# Visual Studio 15
VisualStudioVersion = 15.0.26430.6
MinimumVisualStudioVersion = 10.0.40219.1
Project("{FAE04EC0-301F-11D3-BF4B-00C04F79EFBC}") = "AnotherCoursesProjectAndroid", "AnotherCoursesProjectAndroid\AnotherCoursesProjectAndroid.csproj", "{559792B4-14C2-4FF4-9818-C83DC96E7B2F}"
EndProject
Project("{FAE04EC0-301F-11D3-BF4B-00C04F79EFBC}") = "AnotherCoursesProjectIOS", "AnotherCoursesProjectIOS\AnotherCoursesProjectIOS.csproj", "{429F45AE-435E-48B5-B5EE-CE29D7E3C44A}"
EndProject
Project("{FAE04EC0-301F-11D3-BF4B-00C04F79EFBC}") = "CoursesLibrary", "CoursesLibrary\CoursesLibrary.csproj", "{789594D1-7607-4766-83A8-5B09D1BF4EA1}"
EndProject
Global
	GlobalSection(SolutionConfigurationPlatforms) = preSolution
		Ad-Hoc|Any CPU = Ad-Hoc|Any CPU
		Ad-Hoc|iPhone = Ad-Hoc|iPhone
		Ad-Hoc|iPhoneSimulator = Ad-Hoc|iPhoneSimulator
		AppStore|Any CPU = AppStore|Any CPU
		AppStore|iPhone = AppStore|iPhone
		AppStore|iPhoneSimulator = AppStore|iPhoneSimulator
		Debug|Any CPU = Debug|Any CPU
		Debug|iPhone = Debug|iPhone
		Debug|iPhoneSimulator = Debug|iPhoneSimulator
		Release|Any CPU = Release|Any CPU
		Release|iPhone = Release|iPhone
		Release|iPhoneSimulator = Release|iPhoneSimulator
	EndGlobalSection
	GlobalSection(ProjectConfigurationPlatforms) = postSolution
		{559792B4-14C2-4FF4-9818-C83DC96E7B2F}.Ad-Hoc|Any CPU.ActiveCfg = Release|Any CPU
		{559792B4-14C2-4FF4-9818-C83DC96E7B2F}.Ad-Hoc|Any CPU.Build.0 = Release|Any CPU
		{559792B4-14C2-4FF4-9818-C83DC96E7B2F}.Ad-Hoc|Any CPU.Deploy.0 = Release|Any CPU
		{559792B4-14C2-4FF4-9818-C83DC96E7B2F}.Ad-Hoc|iPhone.ActiveCfg = Release|Any CPU
		{559792B4-14C2-4FF4-9818-C83DC96E7B2F}.Ad-Hoc|iPhone.Build.0 = Release|Any CPU
		{559792B4-14C2-4FF4-9818-C83DC96E7B2F}.Ad-Hoc|iPhone.Deploy.0 = Release|Any CPU
		{559792B4-14C2-4FF4-9818-C83DC96E7B2F}.Ad-Hoc|iPhoneSimulator.ActiveCfg = Release|Any CPU
		{559792B4-14C2-4FF4-9818-C83DC96E7B2F}.Ad-Hoc|iPhoneSimulator.Build.0 = Release|Any CPU
		{559792B4-14C2-4FF4-9818-C83DC96E7B2F}.Ad-Hoc|iPhoneSimulator.Deploy.0 = Release|Any CPU
		{559792B4-14C2-4FF4-9818-C83DC96E7B2F}.AppStore|Any CPU.ActiveCfg = Release|Any CPU
		{559792B4-14C2-4FF4-9818-C83DC96E7B2F}.AppStore|Any CPU.Build.0 = Release|Any CPU
		{559792B4-14C2-4FF4-9818-C83DC96E7B2F}.AppStore|Any CPU.Deploy.0 = Release|Any CPU
		{559792B4-14C2-4FF4-9818-C83DC96E7B2F}.AppStore|iPhone.ActiveCfg = Release|Any CPU
		{559792B4-14C2-4FF4-9818-C83DC96E7B2F}.AppStore|iPhone.Build.0 = Release|Any CPU
		{559792B4-14C2-4FF4-9818-C83DC96E7B2F}.AppStore|iPhone.Deploy.0 = Release|Any CPU
		{559792B4-14C2-4FF4-9818-C83DC96E7B2F}.AppStore|iPhoneSimulator.ActiveCfg = Release|Any CPU
		{559792B4-14C2-4FF4-9818-C83DC96E7B2F}.AppStore|iPhoneSimulator.Build.0 = Release|Any CPU
		{559792B4-14C2-4FF4-9818-C83DC96E7B2F}.AppStore|iPhoneSimulator.Deploy.0 = Release|Any CPU
		{559792B4-14C2-4FF4-9818-C83DC96E7B2F}.Debug|Any CPU.ActiveCfg = Debug|Any CPU
		{559792B4-14C2-4FF4-9818-C83DC96E7B2F}.Debug|Any CPU.Build.0 = Debug|Any CPU
		{559792B4-14C2-4FF4-9818-C83DC96E7B2F}.Debug|Any CPU.Deploy.0 = Debug|Any CPU
		{559792B4-14C2-4FF4-9818-C83DC96E7B2F}.Debug|iPhone.ActiveCfg = Debug|Any CPU
		{559792B4-14C2-4FF4-9818-C83DC96E7B2F}.Debug|iPhone.Build.0 = Debug|Any CPU
		{559792B4-14C2-4FF4-9818-C83DC96E7B2F}.Debug|iPhone.Deploy.0 = Debug|Any CPU
		{559792B4-14C2-4FF4-9818-C83DC96E7B2F}.Debug|iPhoneSimulator.ActiveCfg = Debug|Any CPU
		{559792B4-14C2-4FF4-9818-C83DC96E7B2F}.Debug|iPhoneSimulator.Build.0 = Debug|Any CPU
		{559792B4-14C2-4FF4-9818-C83DC96E7B2F}.Debug|iPhoneSimulator.Deploy.0 = Debug|Any CPU
		{559792B4-14C2-4FF4-9818-C83DC96E7B2F}.Release|Any CPU.ActiveCfg = Release|Any CPU
		{559792B4-14C2-4FF4-9818-C83DC96E7B2F}.Release|Any CPU.Build.0 = Release|Any CPU
		{559792B4-14C2-4FF4-9818-C83DC96E7B2F}.Release|Any CPU.Deploy.0 = Release|Any CPU
		{559792B4-14C2-4FF4-9818-C83DC96E7B2F}.Release|iPhone.ActiveCfg = Release|Any CPU
		{559792B4-14C2-4FF4-9818-C83DC96E7B2F}.Release|iPhone.Build.0 = Release|Any CPU
		{559792B4-14C2-4FF4-9818-C83DC96E7B2F}.Release|iPhone.Deploy.0 = Release|Any CPU
		{559792B4-14C2-4FF4-9818-C83DC96E7B2F}.Release|iPhoneSimulator.ActiveCfg = Release|Any CPU
		{559792B4-14C2-4FF4-9818-C83DC96E7B2F}.Release|iPhoneSimulator.Build.0 = Release|Any CPU
		{559792B4-14C2-4FF4-9818-C83DC96E7B2F}.Release|iPhoneSimulator.Deploy.0 = Release|Any CPU
		{429F45AE-435E-48B5-B5EE-CE29D7E3C44A}.Ad-Hoc|Any CPU.ActiveCfg = Ad-Hoc|iPhone
		{429F45AE-435E-48B5-B5EE-CE29D7E3C44A}.Ad-Hoc|iPhone.ActiveCfg = Ad-Hoc|iPhone
		{429F45AE-435E-48B5-B5EE-CE29D7E3C44A}.Ad-Hoc|iPhone.Build.0 = Ad-Hoc|iPhone
		{429F45AE-435E-48B5-B5EE-CE29D7E3C44A}.Ad-Hoc|iPhoneSimulator.ActiveCfg = Ad-Hoc|iPhoneSimulator
		{429F45AE-435E-48B5-B5EE-CE29D7E3C44A}.Ad-Hoc|iPhoneSimulator.Build.0 = Ad-Hoc|iPhoneSimulator
		{429F45AE-435E-48B5-B5EE-CE29D7E3C44A}.AppStore|Any CPU.ActiveCfg = AppStore|iPhone
		{429F45AE-435E-48B5-B5EE-CE29D7E3C44A}.AppStore|iPhone.ActiveCfg = AppStore|iPhone
		{429F45AE-435E-48B5-B5EE-CE29D7E3C44A}.AppStore|iPhone.Build.0 = AppStore|iPhone
		{429F45AE-435E-48B5-B5EE-CE29D7E3C44A}.AppStore|iPhoneSimulator.ActiveCfg = AppStore|iPhoneSimulator
		{429F45AE-435E-48B5-B5EE-CE29D7E3C44A}.AppStore|iPhoneSimulator.Build.0 = AppStore|iPhoneSimulator
		{429F45AE-435E-48B5-B5EE-CE29D7E3C44A}.Debug|Any CPU.ActiveCfg = Debug|iPhoneSimulator
		{429F45AE-435E-48B5-B5EE-CE29D7E3C44A}.Debug|iPhone.ActiveCfg = Debug|iPhone
		{429F45AE-435E-48B5-B5EE-CE29D7E3C44A}.Debug|iPhone.Build.0 = Debug|iPhone
		{429F45AE-435E-48B5-B5EE-CE29D7E3C44A}.Debug|iPhoneSimulator.ActiveCfg = Debug|iPhoneSimulator
		{429F45AE-435E-48B5-B5EE-CE29D7E3C44A}.Debug|iPhoneSimulator.Build.0 = Debug|iPhoneSimulator
		{429F45AE-435E-48B5-B5EE-CE29D7E3C44A}.Release|Any CPU.ActiveCfg = Release|iPhone
		{429F45AE-435E-48B5-B5EE-CE29D7E3C44A}.Release|iPhone.ActiveCfg = Release|iPhone
		{429F45AE-435E-48B5-B5EE-CE29D7E3C44A}.Release|iPhone.Build.0 = Release|iPhone
		{429F45AE-435E-48B5-B5EE-CE29D7E3C44A}.Release|iPhoneSimulator.ActiveCfg = Release|iPhoneSimulator
		{429F45AE-435E-48B5-B5EE-CE29D7E3C44A}.Release|iPhoneSimulator.Build.0 = Release|iPhoneSimulator
		{789594D1-7607-4766-83A8-5B09D1BF4EA1}.Ad-Hoc|Any CPU.ActiveCfg = Release|Any CPU
		{789594D1-7607-4766-83A8-5B09D1BF4EA1}.Ad-Hoc|Any CPU.Build.0 = Release|Any CPU
		{789594D1-7607-4766-83A8-5B09D1BF4EA1}.Ad-Hoc|iPhone.ActiveCfg = Release|Any CPU
		{789594D1-7607-4766-83A8-5B09D1BF4EA1}.Ad-Hoc|iPhone.Build.0 = Release|Any CPU
		{789594D1-7607-4766-83A8-5B09D1BF4EA1}.Ad-Hoc|iPhoneSimulator.ActiveCfg = Release|Any CPU
		{789594D1-7607-4766-83A8-5B09D1BF4EA1}.Ad-Hoc|iPhoneSimulator.Build.0 = Release|Any CPU
		{789594D1-7607-4766-83A8-5B09D1BF4EA1}.AppStore|Any CPU.ActiveCfg = Release|Any CPU
		{789594D1-7607-4766-83A8-5B09D1BF4EA1}.AppStore|Any CPU.Build.0 = Release|Any CPU
		{789594D1-7607-4766-83A8-5B09D1BF4EA1}.AppStore|iPhone.ActiveCfg = Release|Any CPU
		{789594D1-7607-4766-83A8-5B09D1BF4EA1}.AppStore|iPhone.Build.0 = Release|Any CPU
		{789594D1-7607-4766-83A8-5B09D1BF4EA1}.AppStore|iPhoneSimulator.ActiveCfg = Release|Any CPU
		{789594D1-7607-4766-83A8-5B09D1BF4EA1}.AppStore|iPhoneSimulator.Build.0 = Release|Any CPU
		{789594D1-7607-4766-83A8-5B09D1BF4EA1}.Debug|Any CPU.ActiveCfg = Debug|Any CPU
		{789594D1-7607-4766-83A8-5B09D1BF4EA1}.Debug|Any CPU.Build.0 = Debug|Any CPU
		{789594D1-7607-4766-83A8-5B09D1BF4EA1}.Debug|iPhone.ActiveCfg = Debug|Any CPU
		{789594D1-7607-4766-83A8-5B09D1BF4EA1}.Debug|iPhone.Build.0 = Debug|Any CPU
		{789594D1-7607-4766-83A8-5B09D1BF4EA1}.Debug|iPhoneSimulator.ActiveCfg = Debug|Any CPU
		{789594D1-7607-4766-83A8-5B09D1BF4EA1}.Debug|iPhoneSimulator.Build.0 = Debug|Any CPU
		{789594D1-7607-4766-83A8-5B09D1BF4EA1}.Release|Any CPU.ActiveCfg = Release|Any CPU
		{789594D1-7607-4766-83A8-5B09D1BF4EA1}.Release|Any CPU.Build.0 = Release|Any CPU
		{789594D1-7607-4766-83A8-5B09D1BF4EA1}.Release|iPhone.ActiveCfg = Release|Any CPU
		{789594D1-7607-4766-83A8-5B09D1BF4EA1}.Release|iPhone.Build.0 = Release|Any CPU
		{789594D1-7607-4766-83A8-5B09D1BF4EA1}.Release|iPhoneSimulator.ActiveCfg = Release|Any CPU
		{789594D1-7607-4766-83A8-5B09D1BF4EA1}.Release|iPhoneSimulator.Build.0 = Release|Any CPU
	EndGlobalSection
	GlobalSection(SolutionProperties) = preSolution
		HideSolutionNode = FALSE
	EndGlobalSection
EndGlobal
